
Microsoft Visual Studio Solution File, Format Version 12.00
# Visual Studio Version 16
VisualStudioVersion = 16.0.31313.79
MinimumVisualStudioVersion = 10.0.40219.1
Project("{8BC9CEB8-8B4A-11D0-8D11-00A0C91BC942}") = "NXT-Memory", "NXT-Memory\NXT-Memory.vcxproj", "{C5AF3365-C5E2-42C3-9FFC-4B69889494F2}"
EndProject
Global
	GlobalSection(SolutionConfigurationPlatforms) = preSolution
		Debug|x64 = Debug|x64
		Debug|x86 = Debug|x86
		Release|x64 = Release|x64
		Release|x86 = Release|x86
	EndGlobalSection
	GlobalSection(ProjectConfigurationPlatforms) = postSolution
		{C5AF3365-C5E2-42C3-9FFC-4B69889494F2}.Debug|x64.ActiveCfg = Debug|x64
		{C5AF3365-C5E2-42C3-9FFC-4B69889494F2}.Debug|x64.Build.0 = Debug|x64
		{C5AF3365-C5E2-42C3-9FFC-4B69889494F2}.Debug|x86.ActiveCfg = Debug|Win32
		{C5AF3365-C5E2-42C3-9FFC-4B69889494F2}.Debug|x86.Build.0 = Debug|Win32
		{C5AF3365-C5E2-42C3-9FFC-4B69889494F2}.Release|x64.ActiveCfg = Release|x64
		{C5AF3365-C5E2-42C3-9FFC-4B69889494F2}.Release|x64.Build.0 = Release|x64
		{C5AF3365-C5E2-42C3-9FFC-4B69889494F2}.Release|x86.ActiveCfg = Release|Win32
		{C5AF3365-C5E2-42C3-9FFC-4B69889494F2}.Release|x86.Build.0 = Release|Win32
	EndGlobalSection
	GlobalSection(SolutionProperties) = preSolution
		HideSolutionNode = FALSE
	EndGlobalSection
	GlobalSection(ExtensibilityGlobals) = postSolution
		SolutionGuid = {C09F4C16-73A3-4EC0-BB1A-855BD1879B32}
	EndGlobalSection
EndGlobal
